
Microsoft Visual Studio Solution File, Format Version 12.00
# Visual Studio 15
VisualStudioVersion = 15.0.27428.2015
MinimumVisualStudioVersion = 10.0.40219.1
Project("{8BC9CEB8-8B4A-11D0-8D11-00A0C91BC942}") = "HW1", "HW1\HW1.vcxproj", "{FB1B1560-BB1E-434D-BDEF-1AD29C43E619}"
EndProject
Project("{8BC9CEB8-8B4A-11D0-8D11-00A0C91BC942}") = "HW2", "HW2\HW2.vcxproj", "{2F684C50-44F2-4E34-BF24-A0D28E1CD83F}"
EndProject
Project("{8BC9CEB8-8B4A-11D0-8D11-00A0C91BC942}") = "HW3", "HW3\HW3.vcxproj", "{C87C3CB4-4CEB-420F-88FF-AD0A48099EBC}"
EndProject
Project("{8BC9CEB8-8B4A-11D0-8D11-00A0C91BC942}") = "HW3_Runner", "HW3_Runner\HW3_Runner.vcxproj", "{39F044EE-0EB0-4F0F-9A45-FFC484A9C5AB}"
	ProjectSection(ProjectDependencies) = postProject
		{C87C3CB4-4CEB-420F-88FF-AD0A48099EBC} = {C87C3CB4-4CEB-420F-88FF-AD0A48099EBC}
	EndProjectSection
EndProject
Global
	GlobalSection(SolutionConfigurationPlatforms) = preSolution
		Debug|x64 = Debug|x64
		Debug|x86 = Debug|x86
		Release|x64 = Release|x64
		Release|x86 = Release|x86
	EndGlobalSection
	GlobalSection(ProjectConfigurationPlatforms) = postSolution
		{FB1B1560-BB1E-434D-BDEF-1AD29C43E619}.Debug|x64.ActiveCfg = Debug|x64
		{FB1B1560-BB1E-434D-BDEF-1AD29C43E619}.Debug|x64.Build.0 = Debug|x64
		{FB1B1560-BB1E-434D-BDEF-1AD29C43E619}.Debug|x86.ActiveCfg = Debug|Win32
		{FB1B1560-BB1E-434D-BDEF-1AD29C43E619}.Debug|x86.Build.0 = Debug|Win32
		{FB1B1560-BB1E-434D-BDEF-1AD29C43E619}.Release|x64.ActiveCfg = Release|x64
		{FB1B1560-BB1E-434D-BDEF-1AD29C43E619}.Release|x64.Build.0 = Release|x64
		{FB1B1560-BB1E-434D-BDEF-1AD29C43E619}.Release|x86.ActiveCfg = Release|Win32
		{FB1B1560-BB1E-434D-BDEF-1AD29C43E619}.Release|x86.Build.0 = Release|Win32
		{2F684C50-44F2-4E34-BF24-A0D28E1CD83F}.Debug|x64.ActiveCfg = Debug|x64
		{2F684C50-44F2-4E34-BF24-A0D28E1CD83F}.Debug|x64.Build.0 = Debug|x64
		{2F684C50-44F2-4E34-BF24-A0D28E1CD83F}.Debug|x86.ActiveCfg = Debug|Win32
		{2F684C50-44F2-4E34-BF24-A0D28E1CD83F}.Debug|x86.Build.0 = Debug|Win32
		{2F684C50-44F2-4E34-BF24-A0D28E1CD83F}.Release|x64.ActiveCfg = Release|x64
		{2F684C50-44F2-4E34-BF24-A0D28E1CD83F}.Release|x64.Build.0 = Release|x64
		{2F684C50-44F2-4E34-BF24-A0D28E1CD83F}.Release|x86.ActiveCfg = Release|Win32
		{2F684C50-44F2-4E34-BF24-A0D28E1CD83F}.Release|x86.Build.0 = Release|Win32
		{C87C3CB4-4CEB-420F-88FF-AD0A48099EBC}.Debug|x64.ActiveCfg = Debug|x64
		{C87C3CB4-4CEB-420F-88FF-AD0A48099EBC}.Debug|x64.Build.0 = Debug|x64
		{C87C3CB4-4CEB-420F-88FF-AD0A48099EBC}.Debug|x86.ActiveCfg = Debug|Win32
		{C87C3CB4-4CEB-420F-88FF-AD0A48099EBC}.Debug|x86.Build.0 = Debug|Win32
		{C87C3CB4-4CEB-420F-88FF-AD0A48099EBC}.Release|x64.ActiveCfg = Release|x64
		{C87C3CB4-4CEB-420F-88FF-AD0A48099EBC}.Release|x64.Build.0 = Release|x64
		{C87C3CB4-4CEB-420F-88FF-AD0A48099EBC}.Release|x86.ActiveCfg = Release|Win32
		{C87C3CB4-4CEB-420F-88FF-AD0A48099EBC}.Release|x86.Build.0 = Release|Win32
		{39F044EE-0EB0-4F0F-9A45-FFC484A9C5AB}.Debug|x64.ActiveCfg = Debug|x64
		{39F044EE-0EB0-4F0F-9A45-FFC484A9C5AB}.Debug|x64.Build.0 = Debug|x64
		{39F044EE-0EB0-4F0F-9A45-FFC484A9C5AB}.Debug|x86.ActiveCfg = Debug|Win32
		{39F044EE-0EB0-4F0F-9A45-FFC484A9C5AB}.Debug|x86.Build.0 = Debug|Win32
		{39F044EE-0EB0-4F0F-9A45-FFC484A9C5AB}.Release|x64.ActiveCfg = Release|x64
		{39F044EE-0EB0-4F0F-9A45-FFC484A9C5AB}.Release|x64.Build.0 = Release|x64
		{39F044EE-0EB0-4F0F-9A45-FFC484A9C5AB}.Release|x86.ActiveCfg = Release|Win32
		{39F044EE-0EB0-4F0F-9A45-FFC484A9C5AB}.Release|x86.Build.0 = Release|Win32
	EndGlobalSection
	GlobalSection(SolutionProperties) = preSolution
		HideSolutionNode = FALSE
	EndGlobalSection
	GlobalSection(ExtensibilityGlobals) = postSolution
		SolutionGuid = {865BAA89-569A-4747-A355-1CB0A76DBA93}
	EndGlobalSection
EndGlobal
